Microsoft Visual Studio Solution File, Format Version 12.00
# Visual Studio Version 17
VisualStudioVersion = 17.10.35013.160
MinimumVisualStudioVersion = 10.0.40219.1
Project("{9A19103F-16F7-4668-BE54-9A1E7A4F7556}") = "TranslateCS2.Inf", "TranslateCS2.Inf\TranslateCS2.Inf.csproj", "{ABD7CD02-A0F7-465D-BD20-784A0D9F5554}"
EndProject
Project("{9A19103F-16F7-4668-BE54-9A1E7A4F7556}") = "TranslateCS2.Mod", "TranslateCS2.Mod\TranslateCS2.Mod.csproj", "{4D054A8C-0D83-4E9E-88AB-6BD2F2D92AAD}"
EndProject
Global
	GlobalSection(SolutionConfigurationPlatforms) = preSolution
		Debug|Any CPU = Debug|Any CPU
		Release|Any CPU = Release|Any CPU
	EndGlobalSection
	GlobalSection(ProjectConfigurationPlatforms) = postSolution
		{ABD7CD02-A0F7-465D-BD20-784A0D9F5554}.Debug|Any CPU.ActiveCfg = Debug|Any CPU
		{ABD7CD02-A0F7-465D-BD20-784A0D9F5554}.Debug|Any CPU.Build.0 = Debug|Any CPU
		{ABD7CD02-A0F7-465D-BD20-784A0D9F5554}.Release|Any CPU.ActiveCfg = Release|Any CPU
		{ABD7CD02-A0F7-465D-BD20-784A0D9F5554}.Release|Any CPU.Build.0 = Release|Any CPU
		{4D054A8C-0D83-4E9E-88AB-6BD2F2D92AAD}.Debug|Any CPU.ActiveCfg = Debug|Any CPU
		{4D054A8C-0D83-4E9E-88AB-6BD2F2D92AAD}.Debug|Any CPU.Build.0 = Debug|Any CPU
		{4D054A8C-0D83-4E9E-88AB-6BD2F2D92AAD}.Release|Any CPU.ActiveCfg = Release|Any CPU
		{4D054A8C-0D83-4E9E-88AB-6BD2F2D92AAD}.Release|Any CPU.Build.0 = Release|Any CPU
	EndGlobalSection
	GlobalSection(SolutionProperties) = preSolution
		HideSolutionNode = FALSE
	EndGlobalSection
	GlobalSection(ExtensibilityGlobals) = postSolution
		SolutionGuid = {06177849-6367-4CF1-A79C-C1710F0987B1}
	EndGlobalSection
EndGlobal
